<?xml version="1.0" encoding="utf-8"?>
<Project ToolsVersion="4.0" xmlns="http://schemas.microsoft.com/developer/msbuild/2003">
  <ItemGroup>
    <Filter Include="Fichiers sources">
      <UniqueIdentifier>{4FC737F1-C7A5-4376-A066-2A32D752A2FF}</UniqueIdentifier>
      <Extensions>cpp;c;cc;cxx;c++;cppm;ixx;def;odl;idl;hpj;bat;asm;asmx</Extensions>
    </Filter>
    <Filter Include="Fichiers d%27en-tête">
      <UniqueIdentifier>{93995380-89BD-4b04-88EB-625FBE52EBFB}</UniqueIdentifier>
      <Extensions>h;hh;hpp;hxx;h++;hm;inl;inc;ipp;xsd</Extensions>
    </Filter>
    <Filter Include="Fichiers de ressources">
      <UniqueIdentifier>{67DA6AB6-F800-4c08-8B7A-83BB121AAD01}</UniqueIdentifier>
      <Extensions>rc;ico;cur;bmp;dlg;rc2;rct;bin;rgs;gif;jpg;jpeg;jpe;resx;tiff;tif;png;wav;mfcribbon-ms</Extensions>
    </Filter>
    <Filter Include="Fichiers d%27en-tête\Tests">
      <UniqueIdentifier>{56de321e-0766-49a9-9828-2932d4287910}</UniqueIdentifier>
    </Filter>
    <Filter Include="Fichiers d%27en-tête\Formes">
      <UniqueIdentifier>{1fe59638-6f95-475e-ac9c-f69e74050b8a}</UniqueIdentifier>
    </Filter>
    <Filter Include="Fichiers d%27en-tête\ClientServeur">
      <UniqueIdentifier>{cd4a790e-a0ad-437f-81f3-9b9fce85e5c6}</UniqueIdentifier>
    </Filter>
    <Filter Include="Fichiers sources\ClientServeur">
      <UniqueIdentifier>{8dc551e6-0bf5-459c-b60f-e8fd0b5e3a95}</UniqueIdentifier>
    </Filter>
    <Filter Include="Fichiers d%27en-tête\Utils">
      <UniqueIdentifier>{58e8a69c-fdce-45bb-accd-30c140fce83a}</UniqueIdentifier>
    </Filter>
    <Filter Include="Fichiers d%27en-tête\Visitor">
      <UniqueIdentifier>{152ce25d-3164-4a29-80be-9f9754c380b2}</UniqueIdentifier>
    </Filter>
  </ItemGroup>
  <ItemGroup>
    <Text Include="Rapport.txt" />
  </ItemGroup>
  <ItemGroup>
    <ClCompile Include="Main.cpp">
      <Filter>Fichiers sources</Filter>
    </ClCompile>
    <ClCompile Include="TCPIP\Client.cpp">
      <Filter>Fichiers sources</Filter>
    </ClCompile>
    <ClCompile Include="Forme\Triangle.cpp">
      <Filter>Fichiers sources</Filter>
    </ClCompile>
    <ClCompile Include="Forme\Segment.cpp">
      <Filter>Fichiers sources</Filter>
    </ClCompile>
  </ItemGroup>
  <ItemGroup>
    <ClInclude Include="Utils\Couleur.h">
      <Filter>Fichiers d%27en-tête\Utils</Filter>
    </ClInclude>
    <ClInclude Include="Utils\Degree.h">
      <Filter>Fichiers d%27en-tête\Utils</Filter>
    </ClInclude>
    <ClInclude Include="Utils\Radian.h">
      <Filter>Fichiers d%27en-tête\Utils</Filter>
    </ClInclude>
    <ClInclude Include="TCPIP\Client.h">
      <Filter>Fichiers d%27en-tête\ClientServeur</Filter>
    </ClInclude>
    <ClInclude Include="Forme\Vecteur2D.h">
      <Filter>Fichiers d%27en-tête\Formes</Filter>
    </ClInclude>
    <ClInclude Include="Forme\Triangle.h">
      <Filter>Fichiers d%27en-tête\Formes</Filter>
    </ClInclude>
    <ClInclude Include="Forme\Segment.h">
      <Filter>Fichiers d%27en-tête\Formes</Filter>
    </ClInclude>
    <ClInclude Include="Forme\Rectangle.h">
      <Filter>Fichiers d%27en-tête\Formes</Filter>
    </ClInclude>
    <ClInclude Include="Forme\PolygoneFerme.h">
      <Filter>Fichiers d%27en-tête\Formes</Filter>
    </ClInclude>
    <ClInclude Include="Forme\Forme.h">
      <Filter>Fichiers d%27en-tête\Formes</Filter>
    </ClInclude>
    <ClInclude Include="Tests\TestVecteur2D.h">
      <Filter>Fichiers d%27en-tête\Tests</Filter>
    </ClInclude>
    <ClInclude Include="Tests\TestTriangle.h">
      <Filter>Fichiers d%27en-tête\Tests</Filter>
    </ClInclude>
    <ClInclude Include="Tests\TestSegment.h">
      <Filter>Fichiers d%27en-tête\Tests</Filter>
    </ClInclude>
    <ClInclude Include="Tests\TestRadian.h">
      <Filter>Fichiers d%27en-tête\Tests</Filter>
    </ClInclude>
    <ClInclude Include="Tests\TestDegree.h">
      <Filter>Fichiers d%27en-tête\Tests</Filter>
    </ClInclude>
    <ClInclude Include="Visitor\DessinerFormeVisitor.h">
      <Filter>Fichiers d%27en-tête</Filter>
    </ClInclude>
    <ClInclude Include="Visitor\DessinerFormeJava.h">
      <Filter>Fichiers d%27en-tête</Filter>
    </ClInclude>
    <ClInclude Include="Visitor\VisiteurForme.h">
      <Filter>Fichiers d%27en-tête</Filter>
    </ClInclude>
    <ClInclude Include="Forme\Repere.h">
      <Filter>Fichiers d%27en-tête</Filter>
    </ClInclude>
    <ClInclude Include="Tests\TestRepere.h">
      <Filter>Fichiers d%27en-tête</Filter>
    </ClInclude>
  </ItemGroup>
  <ItemGroup>
    <None Include=".gitattributes" />
    <None Include=".gitignore" />
    <None Include="CppProperties.json" />
  </ItemGroup>
</Project>